version = 1
revision = 3
requires-python = ">=3.13"

[[package]]
name = "marcus"
version = "0.1.0"
source = { virtual = "." }
dependencies = [
    { name = "pybricks" },
]

[package.metadata]
requires-dist = [{ name = "pybricks", specifier = ">=3.6.1" }]

[[package]]
name = "pybricks"
version = "3.6.1"
source = { registry = "https://pypi.org/simple" }
sdist = { url = "https://files.pythonhosted.org/packages/66/7f/30e66ae9e57375098803f19e6e397d1af3f8d848c105a5041d9934252b8a/pybricks-3.6.1.tar.gz", hash = "sha256:1836b5e14e143eec02a8c57d4677ab96a223a653e813567df072d90722d9f048", size = 47517, upload-time = "2025-05-01T09:32:10.847Z" }
wheels = [
    { url = "https://files.pythonhosted.org/packages/86/e9/a6259aeea4e4b01e92eee917b868564580efd84abdf823357ce6be92489d/pybricks-3.6.1-py3-none-any.whl", hash = "sha256:ff177a4c4728df1ea22cc7ac63c403affd0d1f64cc389a385f5b27561ab08c23", size = 59762, upload-time = "2025-05-01T09:32:09.306Z" },
]
